
Microsoft Visual Studio Solution File, Format Version 12.00
# Visual Studio 2012
Project("{FAE04EC0-301F-11D3-BF4B-00C04F79EFBC}") = "WhiteRose", "WhiteRose\WhiteRose.csproj", "{2EE3FA0A-A3FD-4E98-BA21-9D1DDF03FE1C}"
EndProject
Global
	GlobalSection(SolutionConfigurationPlatforms) = preSolution
		Debug|x86 = Debug|x86
		Release|x86 = Release|x86
	EndGlobalSection
	GlobalSection(ProjectConfigurationPlatforms) = postSolution
		{2EE3FA0A-A3FD-4E98-BA21-9D1DDF03FE1C}.Debug|x86.ActiveCfg = Debug|x86
		{2EE3FA0A-A3FD-4E98-BA21-9D1DDF03FE1C}.Debug|x86.Build.0 = Debug|x86
		{2EE3FA0A-A3FD-4E98-BA21-9D1DDF03FE1C}.Release|x86.ActiveCfg = Release|x86
		{2EE3FA0A-A3FD-4E98-BA21-9D1DDF03FE1C}.Release|x86.Build.0 = Release|x86
	EndGlobalSection
EndGlobal
